
Microsoft Visual Studio Solution File, Format Version 12.00
# Visual Studio Version 17
VisualStudioVersion = 17.7.34202.233
MinimumVisualStudioVersion = 10.0.40219.1
Project("{FAE04EC0-301F-11D3-BF4B-00C04F79EFBC}") = "App2.Android", "App2.Android\App2.Android.csproj", "{B95BD252-CF3F-43A5-BE9E-F612CAA8AEB1}"
EndProject
Project("{FAE04EC0-301F-11D3-BF4B-00C04F79EFBC}") = "App2.iOS", "App2.iOS\App2.iOS.csproj", "{32BBD948-A8F7-4EA1-A699-48F3C202DCCA}"
EndProject
Project("{FAE04EC0-301F-11D3-BF4B-00C04F79EFBC}") = "App2", "App2\App2.csproj", "{A437AFC8-5308-4BE7-A6C1-2D5B1B3E92E5}"
EndProject
Global
	GlobalSection(SolutionConfigurationPlatforms) = preSolution
		Debug|Any CPU = Debug|Any CPU
		Debug|iPhone = Debug|iPhone
		Debug|iPhoneSimulator = Debug|iPhoneSimulator
		Release|Any CPU = Release|Any CPU
		Release|iPhone = Release|iPhone
		Release|iPhoneSimulator = Release|iPhoneSimulator
	EndGlobalSection
	GlobalSection(ProjectConfigurationPlatforms) = postSolution
		{B95BD252-CF3F-43A5-BE9E-F612CAA8AEB1}.Debug|Any CPU.ActiveCfg = Debug|Any CPU
		{B95BD252-CF3F-43A5-BE9E-F612CAA8AEB1}.Debug|Any CPU.Build.0 = Debug|Any CPU
		{B95BD252-CF3F-43A5-BE9E-F612CAA8AEB1}.Debug|Any CPU.Deploy.0 = Debug|Any CPU
		{B95BD252-CF3F-43A5-BE9E-F612CAA8AEB1}.Debug|iPhone.ActiveCfg = Debug|Any CPU
		{B95BD252-CF3F-43A5-BE9E-F612CAA8AEB1}.Debug|iPhone.Build.0 = Debug|Any CPU
		{B95BD252-CF3F-43A5-BE9E-F612CAA8AEB1}.Debug|iPhone.Deploy.0 = Debug|Any CPU
		{B95BD252-CF3F-43A5-BE9E-F612CAA8AEB1}.Debug|iPhoneSimulator.ActiveCfg = Debug|Any CPU
		{B95BD252-CF3F-43A5-BE9E-F612CAA8AEB1}.Debug|iPhoneSimulator.Build.0 = Debug|Any CPU
		{B95BD252-CF3F-43A5-BE9E-F612CAA8AEB1}.Debug|iPhoneSimulator.Deploy.0 = Debug|Any CPU
		{B95BD252-CF3F-43A5-BE9E-F612CAA8AEB1}.Release|Any CPU.ActiveCfg = Release|Any CPU
		{B95BD252-CF3F-43A5-BE9E-F612CAA8AEB1}.Release|Any CPU.Build.0 = Release|Any CPU
		{B95BD252-CF3F-43A5-BE9E-F612CAA8AEB1}.Release|Any CPU.Deploy.0 = Release|Any CPU
		{B95BD252-CF3F-43A5-BE9E-F612CAA8AEB1}.Release|iPhone.ActiveCfg = Release|Any CPU
		{B95BD252-CF3F-43A5-BE9E-F612CAA8AEB1}.Release|iPhone.Build.0 = Release|Any CPU
		{B95BD252-CF3F-43A5-BE9E-F612CAA8AEB1}.Release|iPhone.Deploy.0 = Release|Any CPU
		{B95BD252-CF3F-43A5-BE9E-F612CAA8AEB1}.Release|iPhoneSimulator.ActiveCfg = Release|Any CPU
		{B95BD252-CF3F-43A5-BE9E-F612CAA8AEB1}.Release|iPhoneSimulator.Build.0 = Release|Any CPU
		{B95BD252-CF3F-43A5-BE9E-F612CAA8AEB1}.Release|iPhoneSimulator.Deploy.0 = Release|Any CPU
		{32BBD948-A8F7-4EA1-A699-48F3C202DCCA}.Debug|Any CPU.ActiveCfg = Debug|iPhone
		{32BBD948-A8F7-4EA1-A699-48F3C202DCCA}.Debug|Any CPU.Build.0 = Debug|iPhone
		{32BBD948-A8F7-4EA1-A699-48F3C202DCCA}.Debug|Any CPU.Deploy.0 = Debug|iPhone
		{32BBD948-A8F7-4EA1-A699-48F3C202DCCA}.Debug|iPhone.ActiveCfg = Debug|iPhone
		{32BBD948-A8F7-4EA1-A699-48F3C202DCCA}.Debug|iPhone.Build.0 = Debug|iPhone
		{32BBD948-A8F7-4EA1-A699-48F3C202DCCA}.Debug|iPhone.Deploy.0 = Debug|iPhone
		{32BBD948-A8F7-4EA1-A699-48F3C202DCCA}.Debug|iPhoneSimulator.ActiveCfg = Debug|iPhoneSimulator
		{32BBD948-A8F7-4EA1-A699-48F3C202DCCA}.Debug|iPhoneSimulator.Build.0 = Debug|iPhoneSimulator
		{32BBD948-A8F7-4EA1-A699-48F3C202DCCA}.Debug|iPhoneSimulator.Deploy.0 = Debug|iPhoneSimulator
		{32BBD948-A8F7-4EA1-A699-48F3C202DCCA}.Release|Any CPU.ActiveCfg = Release|iPhoneSimulator
		{32BBD948-A8F7-4EA1-A699-48F3C202DCCA}.Release|Any CPU.Build.0 = Release|iPhoneSimulator
		{32BBD948-A8F7-4EA1-A699-48F3C202DCCA}.Release|Any CPU.Deploy.0 = Release|iPhoneSimulator
		{32BBD948-A8F7-4EA1-A699-48F3C202DCCA}.Release|iPhone.ActiveCfg = Release|iPhone
		{32BBD948-A8F7-4EA1-A699-48F3C202DCCA}.Release|iPhone.Build.0 = Release|iPhone
		{32BBD948-A8F7-4EA1-A699-48F3C202DCCA}.Release|iPhone.Deploy.0 = Release|iPhone
		{32BBD948-A8F7-4EA1-A699-48F3C202DCCA}.Release|iPhoneSimulator.ActiveCfg = Release|iPhoneSimulator
		{32BBD948-A8F7-4EA1-A699-48F3C202DCCA}.Release|iPhoneSimulator.Build.0 = Release|iPhoneSimulator
		{32BBD948-A8F7-4EA1-A699-48F3C202DCCA}.Release|iPhoneSimulator.Deploy.0 = Release|iPhoneSimulator
		{A437AFC8-5308-4BE7-A6C1-2D5B1B3E92E5}.Debug|Any CPU.ActiveCfg = Debug|Any CPU
		{A437AFC8-5308-4BE7-A6C1-2D5B1B3E92E5}.Debug|Any CPU.Build.0 = Debug|Any CPU
		{A437AFC8-5308-4BE7-A6C1-2D5B1B3E92E5}.Debug|Any CPU.Deploy.0 = Debug|Any CPU
		{A437AFC8-5308-4BE7-A6C1-2D5B1B3E92E5}.Debug|iPhone.ActiveCfg = Debug|Any CPU
		{A437AFC8-5308-4BE7-A6C1-2D5B1B3E92E5}.Debug|iPhone.Build.0 = Debug|Any CPU
		{A437AFC8-5308-4BE7-A6C1-2D5B1B3E92E5}.Debug|iPhone.Deploy.0 = Debug|Any CPU
		{A437AFC8-5308-4BE7-A6C1-2D5B1B3E92E5}.Debug|iPhoneSimulator.ActiveCfg = Debug|Any CPU
		{A437AFC8-5308-4BE7-A6C1-2D5B1B3E92E5}.Debug|iPhoneSimulator.Build.0 = Debug|Any CPU
		{A437AFC8-5308-4BE7-A6C1-2D5B1B3E92E5}.Debug|iPhoneSimulator.Deploy.0 = Debug|Any CPU
		{A437AFC8-5308-4BE7-A6C1-2D5B1B3E92E5}.Release|Any CPU.ActiveCfg = Release|Any CPU
		{A437AFC8-5308-4BE7-A6C1-2D5B1B3E92E5}.Release|Any CPU.Build.0 = Release|Any CPU
		{A437AFC8-5308-4BE7-A6C1-2D5B1B3E92E5}.Release|Any CPU.Deploy.0 = Release|Any CPU
		{A437AFC8-5308-4BE7-A6C1-2D5B1B3E92E5}.Release|iPhone.ActiveCfg = Release|Any CPU
		{A437AFC8-5308-4BE7-A6C1-2D5B1B3E92E5}.Release|iPhone.Build.0 = Release|Any CPU
		{A437AFC8-5308-4BE7-A6C1-2D5B1B3E92E5}.Release|iPhone.Deploy.0 = Release|Any CPU
		{A437AFC8-5308-4BE7-A6C1-2D5B1B3E92E5}.Release|iPhoneSimulator.ActiveCfg = Release|Any CPU
		{A437AFC8-5308-4BE7-A6C1-2D5B1B3E92E5}.Release|iPhoneSimulator.Build.0 = Release|Any CPU
		{A437AFC8-5308-4BE7-A6C1-2D5B1B3E92E5}.Release|iPhoneSimulator.Deploy.0 = Release|Any CPU
	EndGlobalSection
	GlobalSection(SolutionProperties) = preSolution
		HideSolutionNode = FALSE
	EndGlobalSection
	GlobalSection(ExtensibilityGlobals) = postSolution
		SolutionGuid = {1F295465-CF75-4DAA-9953-66C9DE7082FC}
	EndGlobalSection
EndGlobal
